{
  "name": "@xenterprises/x-forms-vuetify",
  "version": "1.0.0",
  "lockfileVersion": 1,
  "requires": true,
  "dependencies": {
    "v-mask": {
      "version": "2.2.3",
      "resolved": "https://registry.npmjs.org/v-mask/-/v-mask-2.2.3.tgz",
      "integrity": "sha512-as00PjW8pC9fmub4y5DqO7Wg6wCIM6fddRk7rykZ6u3C7Zs/iDi/9vnssVkQCZY1o7DTjfK8jlLy0E+Nz4D+mg=="
    },
    "vee-validate": {
      "version": "3.3.9",
      "resolved": "https://registry.npmjs.org/vee-validate/-/vee-validate-3.3.9.tgz",
      "integrity": "sha512-0ibP+8dNU8XitkhcB5UBnVlHdPlUqFx6jGg4vNUN/lw5geVKBvgyo83y7YCvYA5iqQPgCnuQxsx8kTHa0d/Zyw=="
    },
    "vue-currency-input": {
      "version": "1.21.0",
      "resolved": "https://registry.npmjs.org/vue-currency-input/-/vue-currency-input-1.21.0.tgz",
      "integrity": "sha512-MSMPj/ASZ1ZeovJs+hc59Xw9ST0BlYSkxF1SuOPkkX2eOPLp3/a/Qrbd/IpC0Oke+zlT4P1/2gL9U0sSivh2aQ=="
    }
  }
}
